
Microsoft Visual Studio Solution File, Format Version 12.00
# Visual Studio 15
Project("{FAE04EC0-301F-11D3-BF4B-00C04F79EFBC}") = "siemens.ros-sharp.Runtime", "siemens.ros-sharp.Runtime.csproj", "{74AA5DFF-7D4A-D18F-34BE-89DB93CA6BD9}"
EndProject
Project("{FAE04EC0-301F-11D3-BF4B-00C04F79EFBC}") = "siemens.ros-sharp.Editor", "siemens.ros-sharp.Editor.csproj", "{E605083A-0663-95F6-069B-95A15F5C6BEE}"
EndProject
Project("{FAE04EC0-301F-11D3-BF4B-00C04F79EFBC}") = "Assembly-CSharp", "Assembly-CSharp.csproj", "{19BEAEEA-732E-801E-5E42-1D2C7D4840A0}"
EndProject
Global
	GlobalSection(SolutionConfigurationPlatforms) = preSolution
		Debug|Any CPU = Debug|Any CPU
		Release|Any CPU = Release|Any CPU
	EndGlobalSection
	GlobalSection(ProjectConfigurationPlatforms) = postSolution
		{74AA5DFF-7D4A-D18F-34BE-89DB93CA6BD9}.Debug|Any CPU.ActiveCfg = Debug|Any CPU
		{74AA5DFF-7D4A-D18F-34BE-89DB93CA6BD9}.Debug|Any CPU.Build.0 = Debug|Any CPU
		{74AA5DFF-7D4A-D18F-34BE-89DB93CA6BD9}.Release|Any CPU.ActiveCfg = Release|Any CPU
		{74AA5DFF-7D4A-D18F-34BE-89DB93CA6BD9}.Release|Any CPU.Build.0 = Release|Any CPU
		{E605083A-0663-95F6-069B-95A15F5C6BEE}.Debug|Any CPU.ActiveCfg = Debug|Any CPU
		{E605083A-0663-95F6-069B-95A15F5C6BEE}.Debug|Any CPU.Build.0 = Debug|Any CPU
		{E605083A-0663-95F6-069B-95A15F5C6BEE}.Release|Any CPU.ActiveCfg = Release|Any CPU
		{E605083A-0663-95F6-069B-95A15F5C6BEE}.Release|Any CPU.Build.0 = Release|Any CPU
		{19BEAEEA-732E-801E-5E42-1D2C7D4840A0}.Debug|Any CPU.ActiveCfg = Debug|Any CPU
		{19BEAEEA-732E-801E-5E42-1D2C7D4840A0}.Debug|Any CPU.Build.0 = Debug|Any CPU
		{19BEAEEA-732E-801E-5E42-1D2C7D4840A0}.Release|Any CPU.ActiveCfg = Release|Any CPU
		{19BEAEEA-732E-801E-5E42-1D2C7D4840A0}.Release|Any CPU.Build.0 = Release|Any CPU
	EndGlobalSection
	GlobalSection(SolutionProperties) = preSolution
		HideSolutionNode = FALSE
	EndGlobalSection
EndGlobal
